
Microsoft Visual Studio Solution File, Format Version 12.00
# Visual Studio Version 17
VisualStudioVersion = 17.10.35013.160
MinimumVisualStudioVersion = 10.0.40219.1
Project("{FAE04EC0-301F-11D3-BF4B-00C04F79EFBC}") = "ProjetoPessoalFIlaPrioridae", "ProjetoPessoalFIlaPrioridae\ProjetoPessoalFIlaPrioridae.csproj", "{D5DF9630-D772-4B0C-A1EC-E21F82E7FC7B}"
EndProject
Global
	GlobalSection(SolutionConfigurationPlatforms) = preSolution
		Debug|Any CPU = Debug|Any CPU
		Release|Any CPU = Release|Any CPU
	EndGlobalSection
	GlobalSection(ProjectConfigurationPlatforms) = postSolution
		{D5DF9630-D772-4B0C-A1EC-E21F82E7FC7B}.Debug|Any CPU.ActiveCfg = Debug|Any CPU
		{D5DF9630-D772-4B0C-A1EC-E21F82E7FC7B}.Debug|Any CPU.Build.0 = Debug|Any CPU
		{D5DF9630-D772-4B0C-A1EC-E21F82E7FC7B}.Release|Any CPU.ActiveCfg = Release|Any CPU
		{D5DF9630-D772-4B0C-A1EC-E21F82E7FC7B}.Release|Any CPU.Build.0 = Release|Any CPU
	EndGlobalSection
	GlobalSection(SolutionProperties) = preSolution
		HideSolutionNode = FALSE
	EndGlobalSection
	GlobalSection(ExtensibilityGlobals) = postSolution
		SolutionGuid = {67A007C8-B755-45AA-BEF1-7E0E4A7CCC8D}
	EndGlobalSection
EndGlobal
